// !$*UTF8*$!
{
	archiveVersion = 1;
	classes = {
	};
	objectVersion = 56;
	objects = {

/* Begin PBXBuildFile section */
		A762CC3F2DC03391000CA89D /* Desafio09App.swift in Sources */ = {isa = PBXBuildFile; fileRef = A762CC3E2DC03391000CA89D /* Desafio09App.swift */; };
		A762CC412DC03391000CA89D /* ContentView.swift in Sources */ = {isa = PBXBuildFile; fileRef = A762CC402DC03391000CA89D /* ContentView.swift */; };
		A762CC432DC03393000CA89D /* Assets.xcassets in Resources */ = {isa = PBXBuildFile; fileRef = A762CC422DC03393000CA89D /* Assets.xcassets */; };
		A762CC462DC03393000CA89D /* Preview Assets.xcassets in Resources */ = {isa = PBXBuildFile; fileRef = A762CC452DC03393000CA89D /* Preview Assets.xcassets */; };
		A762CC502DC03394000CA89D /* Desafio09Tests.swift in Sources */ = {isa = PBXBuildFile; fileRef = A762CC4F2DC03394000CA89D /* Desafio09Tests.swift */; };
		A762CC5A2DC03394000CA89D /* Desafio09UITests.swift in Sources */ = {isa = PBXBuildFile; fileRef = A762CC592DC03394000CA89D /* Desafio09UITests.swift */; };
		A762CC5C2DC03394000CA89D /* Desafio09UITestsLaunchTests.swift in Sources */ = {isa = PBXBuildFile; fileRef = A762CC5B2DC03394000CA89D /* Desafio09UITestsLaunchTests.swift */; };
		A762CC692DC04797000CA89D /* SubirView.swift in Sources */ = {isa = PBXBuildFile; fileRef = A762CC682DC04797000CA89D /* SubirView.swift */; };
/* End PBXBuildFile section */

/* Begin PBXContainerItemProxy section */
		A762CC4C2DC03394000CA89D /* PBXContainerItemProxy */ = {
			isa = PBXContainerItemProxy;
			containerPortal = A762CC332DC03391000CA89D /* Project object */;
			proxyType = 1;
			remoteGlobalIDString = A762CC3A2DC03391000CA89D;
			remoteInfo = Desafio09;
		};
		A762CC562DC03394000CA89D /* PBXContainerItemProxy */ = {
			isa = PBXContainerItemProxy;
			containerPortal = A762CC332DC03391000CA89D /* Project object */;
			proxyType = 1;
			remoteGlobalIDString = A762CC3A2DC03391000CA89D;
			remoteInfo = Desafio09;
		};
/* End PBXContainerItemProxy section */

/* Begin PBXFileReference section */
		A762CC3B2DC03391000CA89D /* Desafio09.app */ = {isa = PBXFileReference; explicitFileType = wrapper.application; includeInIndex = 0; path = Desafio09.app; sourceTree = BUILT_PRODUCTS_DIR; };
		A762CC3E2DC03391000CA89D /* Desafio09App.swift */ = {isa = PBXFileReference; lastKnownFileType = sourcecode.swift; path = Desafio09App.swift; sourceTree = "<group>"; };
		A762CC402DC03391000CA89D /* ContentView.swift */ = {isa = PBXFileReference; lastKnownFileType = sourcecode.swift; path = ContentView.swift; sourceTree = "<group>"; };
		A762CC422DC03393000CA89D /* Assets.xcassets */ = {isa = PBXFileReference; lastKnownFileType = folder.assetcatalog; path = Assets.xcassets; sourceTree = "<group>"; };
		A762CC452DC03393000CA89D /* Preview Assets.xcassets */ = {isa = PBXFileReference; lastKnownFileType = folder.assetcatalog; path = "Preview Assets.xcassets"; sourceTree = "<group>"; };
		A762CC4B2DC03394000CA89D /* Desafio09Tests.xctest */ = {isa = PBXFileReference; explicitFileType = wrapper.cfbundle; includeInIndex = 0; path = Desafio09Tests.xctest; sourceTree = BUILT_PRODUCTS_DIR; };
		A762CC4F2DC03394000CA89D /* Desafio09Tests.swift */ = {isa = PBXFileReference; lastKnownFileType = sourcecode.swift; path = Desafio09Tests.swift; sourceTree = "<group>"; };
		A762CC552DC03394000CA89D /* Desafio09UITests.xctest */ = {isa = PBXFileReference; explicitFileType = wrapper.cfbundle; includeInIndex = 0; path = Desafio09UITests.xctest; sourceTree = BUILT_PRODUCTS_DIR; };
		A762CC592DC03394000CA89D /* Desafio09UITests.swift */ = {isa = PBXFileReference; lastKnownFileType = sourcecode.swift; path = Desafio09UITests.swift; sourceTree = "<group>"; };
		A762CC5B2DC03394000CA89D /* Desafio09UITestsLaunchTests.swift */ = {isa = PBXFileReference; lastKnownFileType = sourcecode.swift; path = Desafio09UITestsLaunchTests.swift; sourceTree = "<group>"; };
		A762CC682DC04797000CA89D /* SubirView.swift */ = {isa = PBXFileReference; lastKnownFileType = sourcecode.swift; path = SubirView.swift; sourceTree = "<group>"; };
/* End PBXFileReference section */

/* Begin PBXFrameworksBuildPhase section */
		A762CC382DC03391000CA89D /* Frameworks */ = {
			isa = PBXFrameworksBuildPhase;
			buildActionMask = 2147483647;
			files = (
			);
			runOnlyForDeploymentPostprocessing = 0;
		};
		A762CC482DC03394000CA89D /* Frameworks */ = {
			isa = PBXFrameworksBuildPhase;
			buildActionMask = 2147483647;
			files = (
			);
			runOnlyForDeploymentPostprocessing = 0;
		};
		A762CC522DC03394000CA89D /* Frameworks */ = {
			isa = PBXFrameworksBuildPhase;
			buildActionMask = 2147483647;
			files = (
			);
			runOnlyForDeploymentPostprocessing = 0;
		};
/* End PBXFrameworksBuildPhase section */

/* Begin PBXGroup section */
		A762CC322DC03391000CA89D = {
			isa = PBXGroup;
			children = (
				A762CC3D2DC03391000CA89D /* Desafio09 */,
				A762CC4E2DC03394000CA89D /* Desafio09Tests */,
				A762CC582DC03394000CA89D /* Desafio09UITests */,
				A762CC3C2DC03391000CA89D /* Products */,
			);
			sourceTree = "<group>";
		};
		A762CC3C2DC03391000CA89D /* Products */ = {
			isa = PBXGroup;
			children = (
				A762CC3B2DC03391000CA89D /* Desafio09.app */,
				A762CC4B2DC03394000CA89D /* Desafio09Tests.xctest */,
				A762CC552DC03394000CA89D /* Desafio09UITests.xctest */,
			);
			name = Products;
			sourceTree = "<group>";
		};
		A762CC3D2DC03391000CA89D /* Desafio09 */ = {
			isa = PBXGroup;
			children = (
				A762CC3E2DC03391000CA89D /* Desafio09App.swift */,
				A762CC402DC03391000CA89D /* ContentView.swift */,
				A762CC422DC03393000CA89D /* Assets.xcassets */,
				A762CC442DC03393000CA89D /* Preview Content */,
				A762CC682DC04797000CA89D /* SubirView.swift */,
			);
			path = Desafio09;
			sourceTree = "<group>";
		};
		A762CC442DC03393000CA89D /* Preview Content */ = {
			isa = PBXGroup;
			children = (
				A762CC452DC03393000CA89D /* Preview Assets.xcassets */,
			);
			path = "Preview Content";
			sourceTree = "<group>";
		};
		A762CC4E2DC03394000CA89D /* Desafio09Tests */ = {
			isa = PBXGroup;
			children = (
				A762CC4F2DC03394000CA89D /* Desafio09Tests.swift */,
			);
			path = Desafio09Tests;
			sourceTree = "<group>";
		};
		A762CC582DC03394000CA89D /* Desafio09UITests */ = {
			isa = PBXGroup;
			children = (
				A762CC592DC03394000CA89D /* Desafio09UITests.swift */,
				A762CC5B2DC03394000CA89D /* Desafio09UITestsLaunchTests.swift */,
			);
			path = Desafio09UITests;
			sourceTree = "<group>";
		};
/* End PBXGroup section */

/* Begin PBXNativeTarget section */
		A762CC3A2DC03391000CA89D /* Desafio09 */ = {
			isa = PBXNativeTarget;
			buildConfigurationList = A762CC5F2DC03394000CA89D /* Build configuration list for PBXNativeTarget "Desafio09" */;
			buildPhases = (
				A762CC372DC03391000CA89D /* Sources */,
				A762CC382DC03391000CA89D /* Frameworks */,
				A762CC392DC03391000CA89D /* Resources */,
			);
			buildRules = (
			);
			dependencies = (
			);
			name = Desafio09;
			productName = Desafio09;
			productReference = A762CC3B2DC03391000CA89D /* Desafio09.app */;
			productType = "com.apple.product-type.application";
		};
		A762CC4A2DC03394000CA89D /* Desafio09Tests */ = {
			isa = PBXNativeTarget;
			buildConfigurationList = A762CC622DC03394000CA89D /* Build configuration list for PBXNativeTarget "Desafio09Tests" */;
			buildPhases = (
				A762CC472DC03394000CA89D /* Sources */,
				A762CC482DC03394000CA89D /* Frameworks */,
				A762CC492DC03394000CA89D /* Resources */,
			);
			buildRules = (
			);
			dependencies = (
				A762CC4D2DC03394000CA89D /* PBXTargetDependency */,
			);
			name = Desafio09Tests;
			productName = Desafio09Tests;
			productReference = A762CC4B2DC03394000CA89D /* Desafio09Tests.xctest */;
			productType = "com.apple.product-type.bundle.unit-test";
		};
		A762CC542DC03394000CA89D /* Desafio09UITests */ = {
			isa = PBXNativeTarget;
			buildConfigurationList = A762CC652DC03394000CA89D /* Build configuration list for PBXNativeTarget "Desafio09UITests" */;
			buildPhases = (
				A762CC512DC03394000CA89D /* Sources */,
				A762CC522DC03394000CA89D /* Frameworks */,
				A762CC532DC03394000CA89D /* Resources */,
			);
			buildRules = (
			);
			dependencies = (
				A762CC572DC03394000CA89D /* PBXTargetDependency */,
			);
			name = Desafio09UITests;
			productName = Desafio09UITests;
			productReference = A762CC552DC03394000CA89D /* Desafio09UITests.xctest */;
			productType = "com.apple.product-type.bundle.ui-testing";
		};
/* End PBXNativeTarget section */

/* Begin PBXProject section */
		A762CC332DC03391000CA89D /* Project object */ = {
			isa = PBXProject;
			attributes = {
				BuildIndependentTargetsInParallel = 1;
				LastSwiftUpdateCheck = 1540;
				LastUpgradeCheck = 1540;
				TargetAttributes = {
					A762CC3A2DC03391000CA89D = {
						CreatedOnToolsVersion = 15.4;
					};
					A762CC4A2DC03394000CA89D = {
						CreatedOnToolsVersion = 15.4;
						TestTargetID = A762CC3A2DC03391000CA89D;
					};
					A762CC542DC03394000CA89D = {
						CreatedOnToolsVersion = 15.4;
						TestTargetID = A762CC3A2DC03391000CA89D;
					};
				};
			};
			buildConfigurationList = A762CC362DC03391000CA89D /* Build configuration list for PBXProject "Desafio09" */;
			compatibilityVersion = "Xcode 14.0";
			developmentRegion = en;
			hasScannedForEncodings = 0;
			knownRegions = (
				en,
				Base,
			);
			mainGroup = A762CC322DC03391000CA89D;
			productRefGroup = A762CC3C2DC03391000CA89D /* Products */;
			projectDirPath = "";
			projectRoot = "";
			targets = (
				A762CC3A2DC03391000CA89D /* Desafio09 */,
				A762CC4A2DC03394000CA89D /* Desafio09Tests */,
				A762CC542DC03394000CA89D /* Desafio09UITests */,
			);
		};
/* End PBXProject section */

/* Begin PBXResourcesBuildPhase section */
		A762CC392DC03391000CA89D /* Resources */ = {
			isa = PBXResourcesBuildPhase;
			buildActionMask = 2147483647;
			files = (
				A762CC462DC03393000CA89D /* Preview Assets.xcassets in Resources */,
				A762CC432DC03393000CA89D /* Assets.xcassets in Resources */,
			);
			runOnlyForDeploymentPostprocessing = 0;
		};
		A762CC492DC03394000CA89D /* Resources */ = {
			isa = PBXResourcesBuildPhase;
			buildActionMask = 2147483647;
			files = (
			);
			runOnlyForDeploymentPostprocessing = 0;
		};
		A762CC532DC03394000CA89D /* Resources */ = {
			isa = PBXResourcesBuildPhase;
			buildActionMask = 2147483647;
			files = (
			);
			runOnlyForDeploymentPostprocessing = 0;
		};
/* End PBXResourcesBuildPhase section */

/* Begin PBXSourcesBuildPhase section */
		A762CC372DC03391000CA89D /* Sources */ = {
			isa = PBXSourcesBuildPhase;
			buildActionMask = 2147483647;
			files = (
				A762CC412DC03391000CA89D /* ContentView.swift in Sources */,
				A762CC692DC04797000CA89D /* SubirView.swift in Sources */,
				A762CC3F2DC03391000CA89D /* Desafio09App.swift in Sources */,
			);
			runOnlyForDeploymentPostprocessing = 0;
		};
		A762CC472DC03394000CA89D /* Sources */ = {
			isa = PBXSourcesBuildPhase;
			buildActionMask = 2147483647;
			files = (
				A762CC502DC03394000CA89D /* Desafio09Tests.swift in Sources */,
			);
			runOnlyForDeploymentPostprocessing = 0;
		};
		A762CC512DC03394000CA89D /* Sources */ = {
			isa = PBXSourcesBuildPhase;
			buildActionMask = 2147483647;
			files = (
				A762CC5A2DC03394000CA89D /* Desafio09UITests.swift in Sources */,
				A762CC5C2DC03394000CA89D /* Desafio09UITestsLaunchTests.swift in Sources */,
			);
			runOnlyForDeploymentPostprocessing = 0;
		};
/* End PBXSourcesBuildPhase section */

/* Begin PBXTargetDependency section */
		A762CC4D2DC03394000CA89D /* PBXTargetDependency */ = {
			isa = PBXTargetDependency;
			target = A762CC3A2DC03391000CA89D /* Desafio09 */;
			targetProxy = A762CC4C2DC03394000CA89D /* PBXContainerItemProxy */;
		};
		A762CC572DC03394000CA89D /* PBXTargetDependency */ = {
			isa = PBXTargetDependency;
			target = A762CC3A2DC03391000CA89D /* Desafio09 */;
			targetProxy = A762CC562DC03394000CA89D /* PBXContainerItemProxy */;
		};
/* End PBXTargetDependency section */

/* Begin XCBuildConfiguration section */
		A762CC5D2DC03394000CA89D /* Debug */ = {
			isa = XCBuildConfiguration;
			buildSettings = {
				ALWAYS_SEARCH_USER_PATHS = NO;
				ASSETCATALOG_COMPILER_GENERATE_SWIFT_ASSET_SYMBOL_EXTENSIONS = YES;
				CLANG_ANALYZER_NONNULL = YES;
				CLANG_ANALYZER_NUMBER_OBJECT_CONVERSION = YES_AGGRESSIVE;
				CLANG_CXX_LANGUAGE_STANDARD = "gnu++20";
				CLANG_ENABLE_MODULES = YES;
				CLANG_ENABLE_OBJC_ARC = YES;
				CLANG_ENABLE_OBJC_WEAK = YES;
				CLANG_WARN_BLOCK_CAPTURE_AUTORELEASING = YES;
				CLANG_WARN_BOOL_CONVERSION = YES;
				CLANG_WARN_COMMA = YES;
				CLANG_WARN_CONSTANT_CONVERSION = YES;
				CLANG_WARN_DEPRECATED_OBJC_IMPLEMENTATIONS = YES;
				CLANG_WARN_DIRECT_OBJC_ISA_USAGE = YES_ERROR;
				CLANG_WARN_DOCUMENTATION_COMMENTS = YES;
				CLANG_WARN_EMPTY_BODY = YES;
				CLANG_WARN_ENUM_CONVERSION = YES;
				CLANG_WARN_INFINITE_RECURSION = YES;
				CLANG_WARN_INT_CONVERSION = YES;
				CLANG_WARN_NON_LITERAL_NULL_CONVERSION = YES;
				CLANG_WARN_OBJC_IMPLICIT_RETAIN_SELF = YES;
				CLANG_WARN_OBJC_LITERAL_CONVERSION = YES;
				CLANG_WARN_OBJC_ROOT_CLASS = YES_ERROR;
				CLANG_WARN_QUOTED_INCLUDE_IN_FRAMEWORK_HEADER = YES;
				CLANG_WARN_RANGE_LOOP_ANALYSIS = YES;
				CLANG_WARN_STRICT_PROTOTYPES = YES;
				CLANG_WARN_SUSPICIOUS_MOVE = YES;
				CLANG_WARN_UNGUARDED_AVAILABILITY = YES_AGGRESSIVE;
				CLANG_WARN_UNREACHABLE_CODE = YES;
				CLANG_WARN__DUPLICATE_METHOD_MATCH = YES;
				COPY_PHASE_STRIP = NO;
				DEBUG_INFORMATION_FORMAT = dwarf;
				ENABLE_STRICT_OBJC_MSGSEND = YES;
				ENABLE_TESTABILITY = YES;
				ENABLE_USER_SCRIPT_SANDBOXING = YES;
				GCC_C_LANGUAGE_STANDARD = gnu17;
				GCC_DYNAMIC_NO_PIC = NO;
				GCC_NO_COMMON_BLOCKS = YES;
				GCC_OPTIMIZATION_LEVEL = 0;
				GCC_PREPROCESSOR_DEFINITIONS = (
					"DEBUG=1",
					"$(inherited)",
				);
				GCC_WARN_64_TO_32_BIT_CONVERSION = YES;
				GCC_WARN_ABOUT_RETURN_TYPE = YES_ERROR;
				GCC_WARN_UNDECLARED_SELECTOR = YES;
				GCC_WARN_UNINITIALIZED_AUTOS = YES_AGGRESSIVE;
				GCC_WARN_UNUSED_FUNCTION = YES;
				GCC_WARN_UNUSED_VARIABLE = YES;
				IPHONEOS_DEPLOYMENT_TARGET = 17.5;
				LOCALIZATION_PREFERS_STRING_CATALOGS = YES;
				MTL_ENABLE_DEBUG_INFO = INCLUDE_SOURCE;
				MTL_FAST_MATH = YES;
				ONLY_ACTIVE_ARCH = YES;
				SDKROOT = iphoneos;
				SWIFT_ACTIVE_COMPILATION_CONDITIONS = "DEBUG $(inherited)";
				SWIFT_OPTIMIZATION_LEVEL = "-Onone";
			};
			name = Debug;
		};
		A762CC5E2DC03394000CA89D /* Release */ = {
			isa = XCBuildConfiguration;
			buildSettings = {
				ALWAYS_SEARCH_USER_PATHS = NO;
				ASSETCATALOG_COMPILER_GENERATE_SWIFT_ASSET_SYMBOL_EXTENSIONS = YES;
				CLANG_ANALYZER_NONNULL = YES;
				CLANG_ANALYZER_NUMBER_OBJECT_CONVERSION = YES_AGGRESSIVE;
				CLANG_CXX_LANGUAGE_STANDARD = "gnu++20";
				CLANG_ENABLE_MODULES = YES;
				CLANG_ENABLE_OBJC_ARC = YES;
				CLANG_ENABLE_OBJC_WEAK = YES;
				CLANG_WARN_BLOCK_CAPTURE_AUTORELEASING = YES;
				CLANG_WARN_BOOL_CONVERSION = YES;
				CLANG_WARN_COMMA = YES;
				CLANG_WARN_CONSTANT_CONVERSION = YES;
				CLANG_WARN_DEPRECATED_OBJC_IMPLEMENTATIONS = YES;
				CLANG_WARN_DIRECT_OBJC_ISA_USAGE = YES_ERROR;
				CLANG_WARN_DOCUMENTATION_COMMENTS = YES;
				CLANG_WARN_EMPTY_BODY = YES;
				CLANG_WARN_ENUM_CONVERSION = YES;
				CLANG_WARN_INFINITE_RECURSION = YES;
				CLANG_WARN_INT_CONVERSION = YES;
				CLANG_WARN_NON_LITERAL_NULL_CONVERSION = YES;
				CLANG_WARN_OBJC_IMPLICIT_RETAIN_SELF = YES;
				CLANG_WARN_OBJC_LITERAL_CONVERSION = YES;
				CLANG_WARN_OBJC_ROOT_CLASS = YES_ERROR;
				CLANG_WARN_QUOTED_INCLUDE_IN_FRAMEWORK_HEADER = YES;
				CLANG_WARN_RANGE_LOOP_ANALYSIS = YES;
				CLANG_WARN_STRICT_PROTOTYPES = YES;
				CLANG_WARN_SUSPICIOUS_MOVE = YES;
				CLANG_WARN_UNGUARDED_AVAILABILITY = YES_AGGRESSIVE;
				CLANG_WARN_UNREACHABLE_CODE = YES;
				CLANG_WARN__DUPLICATE_METHOD_MATCH = YES;
				COPY_PHASE_STRIP = NO;
				DEBUG_INFORMATION_FORMAT = "dwarf-with-dsym";
				ENABLE_NS_ASSERTIONS = NO;
				ENABLE_STRICT_OBJC_MSGSEND = YES;
				ENABLE_USER_SCRIPT_SANDBOXING = YES;
				GCC_C_LANGUAGE_STANDARD = gnu17;
				GCC_NO_COMMON_BLOCKS = YES;
				GCC_WARN_64_TO_32_BIT_CONVERSION = YES;
				GCC_WARN_ABOUT_RETURN_TYPE = YES_ERROR;
				GCC_WARN_UNDECLARED_SELECTOR = YES;
				GCC_WARN_UNINITIALIZED_AUTOS = YES_AGGRESSIVE;
				GCC_WARN_UNUSED_FUNCTION = YES;
				GCC_WARN_UNUSED_VARIABLE = YES;
				IPHONEOS_DEPLOYMENT_TARGET = 17.5;
				LOCALIZATION_PREFERS_STRING_CATALOGS = YES;
				MTL_ENABLE_DEBUG_INFO = NO;
				MTL_FAST_MATH = YES;
				SDKROOT = iphoneos;
				SWIFT_COMPILATION_MODE = wholemodule;
				VALIDATE_PRODUCT = YES;
			};
			name = Release;
		};
		A762CC602DC03394000CA89D /* Debug */ = {
			isa = XCBuildConfiguration;
			buildSettings = {
				ASSETCATALOG_COMPILER_APPICON_NAME = AppIcon;
				ASSETCATALOG_COMPILER_GLOBAL_ACCENT_COLOR_NAME = AccentColor;
				CODE_SIGN_STYLE = Automatic;
				CURRENT_PROJECT_VERSION = 1;
				DEVELOPMENT_ASSET_PATHS = "\"Desafio09/Preview Content\"";
				ENABLE_PREVIEWS = YES;
				GENERATE_INFOPLIST_FILE = YES;
				INFOPLIST_KEY_UIApplicationSceneManifest_Generation = YES;
				INFOPLIST_KEY_UIApplicationSupportsIndirectInputEvents = YES;
				INFOPLIST_KEY_UILaunchScreen_Generation = YES;
				INFOPLIST_KEY_UISupportedInterfaceOrientations_iPad = "UIInterfaceOrientationPortrait UIInterfaceOrientationPortraitUpsideDown UIInterfaceOrientationLandscapeLeft UIInterfaceOrientationLandscapeRight";
				INFOPLIST_KEY_UISupportedInterfaceOrientations_iPhone = "UIInterfaceOrientationPortrait UIInterfaceOrientationLandscapeLeft UIInterfaceOrientationLandscapeRight";
				LD_RUNPATH_SEARCH_PATHS = (
					"$(inherited)",
					"@executable_path/Frameworks",
				);
				MARKETING_VERSION = 1.0;
				PRODUCT_BUNDLE_IDENTIFIER = joao.aassuncao.Desafio09;
				PRODUCT_NAME = "$(TARGET_NAME)";
				SWIFT_EMIT_LOC_STRINGS = YES;
				SWIFT_VERSION = 5.0;
				TARGETED_DEVICE_FAMILY = "1,2";
			};
			name = Debug;
		};
		A762CC612DC03394000CA89D /* Release */ = {
			isa = XCBuildConfiguration;
			buildSettings = {
				ASSETCATALOG_COMPILER_APPICON_NAME = AppIcon;
				ASSETCATALOG_COMPILER_GLOBAL_ACCENT_COLOR_NAME = AccentColor;
				CODE_SIGN_STYLE = Automatic;
				CURRENT_PROJECT_VERSION = 1;
				DEVELOPMENT_ASSET_PATHS = "\"Desafio09/Preview Content\"";
				ENABLE_PREVIEWS = YES;
				GENERATE_INFOPLIST_FILE = YES;
				INFOPLIST_KEY_UIApplicationSceneManifest_Generation = YES;
				INFOPLIST_KEY_UIApplicationSupportsIndirectInputEvents = YES;
				INFOPLIST_KEY_UILaunchScreen_Generation = YES;
				INFOPLIST_KEY_UISupportedInterfaceOrientations_iPad = "UIInterfaceOrientationPortrait UIInterfaceOrientationPortraitUpsideDown UIInterfaceOrientationLandscapeLeft UIInterfaceOrientationLandscapeRight";
				INFOPLIST_KEY_UISupportedInterfaceOrientations_iPhone = "UIInterfaceOrientationPortrait UIInterfaceOrientationLandscapeLeft UIInterfaceOrientationLandscapeRight";
				LD_RUNPATH_SEARCH_PATHS = (
					"$(inherited)",
					"@executable_path/Frameworks",
				);
				MARKETING_VERSION = 1.0;
				PRODUCT_BUNDLE_IDENTIFIER = joao.aassuncao.Desafio09;
				PRODUCT_NAME = "$(TARGET_NAME)";
				SWIFT_EMIT_LOC_STRINGS = YES;
				SWIFT_VERSION = 5.0;
				TARGETED_DEVICE_FAMILY = "1,2";
			};
			name = Release;
		};
		A762CC632DC03394000CA89D /* Debug */ = {
			isa = XCBuildConfiguration;
			buildSettings = {
				ALWAYS_EMBED_SWIFT_STANDARD_LIBRARIES = YES;
				BUNDLE_LOADER = "$(TEST_HOST)";
				CODE_SIGN_STYLE = Automatic;
				CURRENT_PROJECT_VERSION = 1;
				GENERATE_INFOPLIST_FILE = YES;
				IPHONEOS_DEPLOYMENT_TARGET = 17.5;
				MARKETING_VERSION = 1.0;
				PRODUCT_BUNDLE_IDENTIFIER = joao.aassuncao.Desafio09Tests;
				PRODUCT_NAME = "$(TARGET_NAME)";
				SWIFT_EMIT_LOC_STRINGS = NO;
				SWIFT_VERSION = 5.0;
				TARGETED_DEVICE_FAMILY = "1,2";
				TEST_HOST = "$(BUILT_PRODUCTS_DIR)/Desafio09.app/$(BUNDLE_EXECUTABLE_FOLDER_PATH)/Desafio09";
			};
			name = Debug;
		};
		A762CC642DC03394000CA89D /* Release */ = {
			isa = XCBuildConfiguration;
			buildSettings = {
				ALWAYS_EMBED_SWIFT_STANDARD_LIBRARIES = YES;
				BUNDLE_LOADER = "$(TEST_HOST)";
				CODE_SIGN_STYLE = Automatic;
				CURRENT_PROJECT_VERSION = 1;
				GENERATE_INFOPLIST_FILE = YES;
				IPHONEOS_DEPLOYMENT_TARGET = 17.5;
				MARKETING_VERSION = 1.0;
				PRODUCT_BUNDLE_IDENTIFIER = joao.aassuncao.Desafio09Tests;
				PRODUCT_NAME = "$(TARGET_NAME)";
				SWIFT_EMIT_LOC_STRINGS = NO;
				SWIFT_VERSION = 5.0;
				TARGETED_DEVICE_FAMILY = "1,2";
				TEST_HOST = "$(BUILT_PRODUCTS_DIR)/Desafio09.app/$(BUNDLE_EXECUTABLE_FOLDER_PATH)/Desafio09";
			};
			name = Release;
		};
		A762CC662DC03394000CA89D /* Debug */ = {
			isa = XCBuildConfiguration;
			buildSettings = {
				ALWAYS_EMBED_SWIFT_STANDARD_LIBRARIES = YES;
				CODE_SIGN_STYLE = Automatic;
				CURRENT_PROJECT_VERSION = 1;
				GENERATE_INFOPLIST_FILE = YES;
				MARKETING_VERSION = 1.0;
				PRODUCT_BUNDLE_IDENTIFIER = joao.aassuncao.Desafio09UITests;
				PRODUCT_NAME = "$(TARGET_NAME)";
				SWIFT_EMIT_LOC_STRINGS = NO;
				SWIFT_VERSION = 5.0;
				TARGETED_DEVICE_FAMILY = "1,2";
				TEST_TARGET_NAME = Desafio09;
			};
			name = Debug;
		};
		A762CC672DC03394000CA89D /* Release */ = {
			isa = XCBuildConfiguration;
			buildSettings = {
				ALWAYS_EMBED_SWIFT_STANDARD_LIBRARIES = YES;
				CODE_SIGN_STYLE = Automatic;
				CURRENT_PROJECT_VERSION = 1;
				GENERATE_INFOPLIST_FILE = YES;
				MARKETING_VERSION = 1.0;
				PRODUCT_BUNDLE_IDENTIFIER = joao.aassuncao.Desafio09UITests;
				PRODUCT_NAME = "$(TARGET_NAME)";
				SWIFT_EMIT_LOC_STRINGS = NO;
				SWIFT_VERSION = 5.0;
				TARGETED_DEVICE_FAMILY = "1,2";
				TEST_TARGET_NAME = Desafio09;
			};
			name = Release;
		};
/* End XCBuildConfiguration section */

/* Begin XCConfigurationList section */
		A762CC362DC03391000CA89D /* Build configuration list for PBXProject "Desafio09" */ = {
			isa = XCConfigurationList;
			buildConfigurations = (
				A762CC5D2DC03394000CA89D /* Debug */,
				A762CC5E2DC03394000CA89D /* Release */,
			);
			defaultConfigurationIsVisible = 0;
			defaultConfigurationName = Release;
		};
		A762CC5F2DC03394000CA89D /* Build configuration list for PBXNativeTarget "Desafio09" */ = {
			isa = XCConfigurationList;
			buildConfigurations = (
				A762CC602DC03394000CA89D /* Debug */,
				A762CC612DC03394000CA89D /* Release */,
			);
			defaultConfigurationIsVisible = 0;
			defaultConfigurationName = Release;
		};
		A762CC622DC03394000CA89D /* Build configuration list for PBXNativeTarget "Desafio09Tests" */ = {
			isa = XCConfigurationList;
			buildConfigurations = (
				A762CC632DC03394000CA89D /* Debug */,
				A762CC642DC03394000CA89D /* Release */,
			);
			defaultConfigurationIsVisible = 0;
			defaultConfigurationName = Release;
		};
		A762CC652DC03394000CA89D /* Build configuration list for PBXNativeTarget "Desafio09UITests" */ = {
			isa = XCConfigurationList;
			buildConfigurations = (
				A762CC662DC03394000CA89D /* Debug */,
				A762CC672DC03394000CA89D /* Release */,
			);
			defaultConfigurationIsVisible = 0;
			defaultConfigurationName = Release;
		};
/* End XCConfigurationList section */
	};
	rootObject = A762CC332DC03391000CA89D /* Project object */;
}
