// !$*UTF8*$!
{
	archiveVersion = 1;
	classes = {
	};
	objectVersion = 56;
	objects = {

/* Begin PBXBuildFile section */
		A7D8994F2DB99CF200B4C873 /* Desafio05App.swift in Sources */ = {isa = PBXBuildFile; fileRef = A7D8994E2DB99CF200B4C873 /* Desafio05App.swift */; };
		A7D899512DB99CF200B4C873 /* ContentView.swift in Sources */ = {isa = PBXBuildFile; fileRef = A7D899502DB99CF200B4C873 /* ContentView.swift */; };
		A7D899532DB99CF400B4C873 /* Assets.xcassets in Resources */ = {isa = PBXBuildFile; fileRef = A7D899522DB99CF400B4C873 /* Assets.xcassets */; };
		A7D899562DB99CF400B4C873 /* Preview Assets.xcassets in Resources */ = {isa = PBXBuildFile; fileRef = A7D899552DB99CF400B4C873 /* Preview Assets.xcassets */; };
		A7D899602DB99CF500B4C873 /* Desafio05Tests.swift in Sources */ = {isa = PBXBuildFile; fileRef = A7D8995F2DB99CF500B4C873 /* Desafio05Tests.swift */; };
		A7D8996A2DB99CF500B4C873 /* Desafio05UITests.swift in Sources */ = {isa = PBXBuildFile; fileRef = A7D899692DB99CF500B4C873 /* Desafio05UITests.swift */; };
		A7D8996C2DB99CF500B4C873 /* Desafio05UITestsLaunchTests.swift in Sources */ = {isa = PBXBuildFile; fileRef = A7D8996B2DB99CF500B4C873 /* Desafio05UITestsLaunchTests.swift */; };
		A7D899792DB99FA800B4C873 /* PaintView.swift in Sources */ = {isa = PBXBuildFile; fileRef = A7D899782DB99FA800B4C873 /* PaintView.swift */; };
		A7D8997B2DB9A51800B4C873 /* PencilView.swift in Sources */ = {isa = PBXBuildFile; fileRef = A7D8997A2DB9A51800B4C873 /* PencilView.swift */; };
		A7D8997D2DB9A55E00B4C873 /* PaintTableView.swift in Sources */ = {isa = PBXBuildFile; fileRef = A7D8997C2DB9A55E00B4C873 /* PaintTableView.swift */; };
/* End PBXBuildFile section */

/* Begin PBXContainerItemProxy section */
		A7D8995C2DB99CF500B4C873 /* PBXContainerItemProxy */ = {
			isa = PBXContainerItemProxy;
			containerPortal = A7D899432DB99CF200B4C873 /* Project object */;
			proxyType = 1;
			remoteGlobalIDString = A7D8994A2DB99CF200B4C873;
			remoteInfo = Desafio05;
		};
		A7D899662DB99CF500B4C873 /* PBXContainerItemProxy */ = {
			isa = PBXContainerItemProxy;
			containerPortal = A7D899432DB99CF200B4C873 /* Project object */;
			proxyType = 1;
			remoteGlobalIDString = A7D8994A2DB99CF200B4C873;
			remoteInfo = Desafio05;
		};
/* End PBXContainerItemProxy section */

/* Begin PBXFileReference section */
		A7D8994B2DB99CF200B4C873 /* Desafio05.app */ = {isa = PBXFileReference; explicitFileType = wrapper.application; includeInIndex = 0; path = Desafio05.app; sourceTree = BUILT_PRODUCTS_DIR; };
		A7D8994E2DB99CF200B4C873 /* Desafio05App.swift */ = {isa = PBXFileReference; lastKnownFileType = sourcecode.swift; path = Desafio05App.swift; sourceTree = "<group>"; };
		A7D899502DB99CF200B4C873 /* ContentView.swift */ = {isa = PBXFileReference; lastKnownFileType = sourcecode.swift; path = ContentView.swift; sourceTree = "<group>"; };
		A7D899522DB99CF400B4C873 /* Assets.xcassets */ = {isa = PBXFileReference; lastKnownFileType = folder.assetcatalog; path = Assets.xcassets; sourceTree = "<group>"; };
		A7D899552DB99CF400B4C873 /* Preview Assets.xcassets */ = {isa = PBXFileReference; lastKnownFileType = folder.assetcatalog; path = "Preview Assets.xcassets"; sourceTree = "<group>"; };
		A7D8995B2DB99CF500B4C873 /* Desafio05Tests.xctest */ = {isa = PBXFileReference; explicitFileType = wrapper.cfbundle; includeInIndex = 0; path = Desafio05Tests.xctest; sourceTree = BUILT_PRODUCTS_DIR; };
		A7D8995F2DB99CF500B4C873 /* Desafio05Tests.swift */ = {isa = PBXFileReference; lastKnownFileType = sourcecode.swift; path = Desafio05Tests.swift; sourceTree = "<group>"; };
		A7D899652DB99CF500B4C873 /* Desafio05UITests.xctest */ = {isa = PBXFileReference; explicitFileType = wrapper.cfbundle; includeInIndex = 0; path = Desafio05UITests.xctest; sourceTree = BUILT_PRODUCTS_DIR; };
		A7D899692DB99CF500B4C873 /* Desafio05UITests.swift */ = {isa = PBXFileReference; lastKnownFileType = sourcecode.swift; path = Desafio05UITests.swift; sourceTree = "<group>"; };
		A7D8996B2DB99CF500B4C873 /* Desafio05UITestsLaunchTests.swift */ = {isa = PBXFileReference; lastKnownFileType = sourcecode.swift; path = Desafio05UITestsLaunchTests.swift; sourceTree = "<group>"; };
		A7D899782DB99FA800B4C873 /* PaintView.swift */ = {isa = PBXFileReference; lastKnownFileType = sourcecode.swift; path = PaintView.swift; sourceTree = "<group>"; };
		A7D8997A2DB9A51800B4C873 /* PencilView.swift */ = {isa = PBXFileReference; lastKnownFileType = sourcecode.swift; path = PencilView.swift; sourceTree = "<group>"; };
		A7D8997C2DB9A55E00B4C873 /* PaintTableView.swift */ = {isa = PBXFileReference; lastKnownFileType = sourcecode.swift; path = PaintTableView.swift; sourceTree = "<group>"; };
/* End PBXFileReference section */

/* Begin PBXFrameworksBuildPhase section */
		A7D899482DB99CF200B4C873 /* Frameworks */ = {
			isa = PBXFrameworksBuildPhase;
			buildActionMask = 2147483647;
			files = (
			);
			runOnlyForDeploymentPostprocessing = 0;
		};
		A7D899582DB99CF500B4C873 /* Frameworks */ = {
			isa = PBXFrameworksBuildPhase;
			buildActionMask = 2147483647;
			files = (
			);
			runOnlyForDeploymentPostprocessing = 0;
		};
		A7D899622DB99CF500B4C873 /* Frameworks */ = {
			isa = PBXFrameworksBuildPhase;
			buildActionMask = 2147483647;
			files = (
			);
			runOnlyForDeploymentPostprocessing = 0;
		};
/* End PBXFrameworksBuildPhase section */

/* Begin PBXGroup section */
		A7D899422DB99CF200B4C873 = {
			isa = PBXGroup;
			children = (
				A7D8994D2DB99CF200B4C873 /* Desafio05 */,
				A7D8995E2DB99CF500B4C873 /* Desafio05Tests */,
				A7D899682DB99CF500B4C873 /* Desafio05UITests */,
				A7D8994C2DB99CF200B4C873 /* Products */,
			);
			sourceTree = "<group>";
		};
		A7D8994C2DB99CF200B4C873 /* Products */ = {
			isa = PBXGroup;
			children = (
				A7D8994B2DB99CF200B4C873 /* Desafio05.app */,
				A7D8995B2DB99CF500B4C873 /* Desafio05Tests.xctest */,
				A7D899652DB99CF500B4C873 /* Desafio05UITests.xctest */,
			);
			name = Products;
			sourceTree = "<group>";
		};
		A7D8994D2DB99CF200B4C873 /* Desafio05 */ = {
			isa = PBXGroup;
			children = (
				A7D8994E2DB99CF200B4C873 /* Desafio05App.swift */,
				A7D899502DB99CF200B4C873 /* ContentView.swift */,
				A7D899522DB99CF400B4C873 /* Assets.xcassets */,
				A7D899542DB99CF400B4C873 /* Preview Content */,
				A7D899782DB99FA800B4C873 /* PaintView.swift */,
				A7D8997A2DB9A51800B4C873 /* PencilView.swift */,
				A7D8997C2DB9A55E00B4C873 /* PaintTableView.swift */,
			);
			path = Desafio05;
			sourceTree = "<group>";
		};
		A7D899542DB99CF400B4C873 /* Preview Content */ = {
			isa = PBXGroup;
			children = (
				A7D899552DB99CF400B4C873 /* Preview Assets.xcassets */,
			);
			path = "Preview Content";
			sourceTree = "<group>";
		};
		A7D8995E2DB99CF500B4C873 /* Desafio05Tests */ = {
			isa = PBXGroup;
			children = (
				A7D8995F2DB99CF500B4C873 /* Desafio05Tests.swift */,
			);
			path = Desafio05Tests;
			sourceTree = "<group>";
		};
		A7D899682DB99CF500B4C873 /* Desafio05UITests */ = {
			isa = PBXGroup;
			children = (
				A7D899692DB99CF500B4C873 /* Desafio05UITests.swift */,
				A7D8996B2DB99CF500B4C873 /* Desafio05UITestsLaunchTests.swift */,
			);
			path = Desafio05UITests;
			sourceTree = "<group>";
		};
/* End PBXGroup section */

/* Begin PBXNativeTarget section */
		A7D8994A2DB99CF200B4C873 /* Desafio05 */ = {
			isa = PBXNativeTarget;
			buildConfigurationList = A7D8996F2DB99CF500B4C873 /* Build configuration list for PBXNativeTarget "Desafio05" */;
			buildPhases = (
				A7D899472DB99CF200B4C873 /* Sources */,
				A7D899482DB99CF200B4C873 /* Frameworks */,
				A7D899492DB99CF200B4C873 /* Resources */,
			);
			buildRules = (
			);
			dependencies = (
			);
			name = Desafio05;
			productName = Desafio05;
			productReference = A7D8994B2DB99CF200B4C873 /* Desafio05.app */;
			productType = "com.apple.product-type.application";
		};
		A7D8995A2DB99CF500B4C873 /* Desafio05Tests */ = {
			isa = PBXNativeTarget;
			buildConfigurationList = A7D899722DB99CF500B4C873 /* Build configuration list for PBXNativeTarget "Desafio05Tests" */;
			buildPhases = (
				A7D899572DB99CF500B4C873 /* Sources */,
				A7D899582DB99CF500B4C873 /* Frameworks */,
				A7D899592DB99CF500B4C873 /* Resources */,
			);
			buildRules = (
			);
			dependencies = (
				A7D8995D2DB99CF500B4C873 /* PBXTargetDependency */,
			);
			name = Desafio05Tests;
			productName = Desafio05Tests;
			productReference = A7D8995B2DB99CF500B4C873 /* Desafio05Tests.xctest */;
			productType = "com.apple.product-type.bundle.unit-test";
		};
		A7D899642DB99CF500B4C873 /* Desafio05UITests */ = {
			isa = PBXNativeTarget;
			buildConfigurationList = A7D899752DB99CF500B4C873 /* Build configuration list for PBXNativeTarget "Desafio05UITests" */;
			buildPhases = (
				A7D899612DB99CF500B4C873 /* Sources */,
				A7D899622DB99CF500B4C873 /* Frameworks */,
				A7D899632DB99CF500B4C873 /* Resources */,
			);
			buildRules = (
			);
			dependencies = (
				A7D899672DB99CF500B4C873 /* PBXTargetDependency */,
			);
			name = Desafio05UITests;
			productName = Desafio05UITests;
			productReference = A7D899652DB99CF500B4C873 /* Desafio05UITests.xctest */;
			productType = "com.apple.product-type.bundle.ui-testing";
		};
/* End PBXNativeTarget section */

/* Begin PBXProject section */
		A7D899432DB99CF200B4C873 /* Project object */ = {
			isa = PBXProject;
			attributes = {
				BuildIndependentTargetsInParallel = 1;
				LastSwiftUpdateCheck = 1540;
				LastUpgradeCheck = 1540;
				TargetAttributes = {
					A7D8994A2DB99CF200B4C873 = {
						CreatedOnToolsVersion = 15.4;
					};
					A7D8995A2DB99CF500B4C873 = {
						CreatedOnToolsVersion = 15.4;
						TestTargetID = A7D8994A2DB99CF200B4C873;
					};
					A7D899642DB99CF500B4C873 = {
						CreatedOnToolsVersion = 15.4;
						TestTargetID = A7D8994A2DB99CF200B4C873;
					};
				};
			};
			buildConfigurationList = A7D899462DB99CF200B4C873 /* Build configuration list for PBXProject "Desafio05" */;
			compatibilityVersion = "Xcode 14.0";
			developmentRegion = en;
			hasScannedForEncodings = 0;
			knownRegions = (
				en,
				Base,
			);
			mainGroup = A7D899422DB99CF200B4C873;
			productRefGroup = A7D8994C2DB99CF200B4C873 /* Products */;
			projectDirPath = "";
			projectRoot = "";
			targets = (
				A7D8994A2DB99CF200B4C873 /* Desafio05 */,
				A7D8995A2DB99CF500B4C873 /* Desafio05Tests */,
				A7D899642DB99CF500B4C873 /* Desafio05UITests */,
			);
		};
/* End PBXProject section */

/* Begin PBXResourcesBuildPhase section */
		A7D899492DB99CF200B4C873 /* Resources */ = {
			isa = PBXResourcesBuildPhase;
			buildActionMask = 2147483647;
			files = (
				A7D899562DB99CF400B4C873 /* Preview Assets.xcassets in Resources */,
				A7D899532DB99CF400B4C873 /* Assets.xcassets in Resources */,
			);
			runOnlyForDeploymentPostprocessing = 0;
		};
		A7D899592DB99CF500B4C873 /* Resources */ = {
			isa = PBXResourcesBuildPhase;
			buildActionMask = 2147483647;
			files = (
			);
			runOnlyForDeploymentPostprocessing = 0;
		};
		A7D899632DB99CF500B4C873 /* Resources */ = {
			isa = PBXResourcesBuildPhase;
			buildActionMask = 2147483647;
			files = (
			);
			runOnlyForDeploymentPostprocessing = 0;
		};
/* End PBXResourcesBuildPhase section */

/* Begin PBXSourcesBuildPhase section */
		A7D899472DB99CF200B4C873 /* Sources */ = {
			isa = PBXSourcesBuildPhase;
			buildActionMask = 2147483647;
			files = (
				A7D899512DB99CF200B4C873 /* ContentView.swift in Sources */,
				A7D8997D2DB9A55E00B4C873 /* PaintTableView.swift in Sources */,
				A7D8997B2DB9A51800B4C873 /* PencilView.swift in Sources */,
				A7D8994F2DB99CF200B4C873 /* Desafio05App.swift in Sources */,
				A7D899792DB99FA800B4C873 /* PaintView.swift in Sources */,
			);
			runOnlyForDeploymentPostprocessing = 0;
		};
		A7D899572DB99CF500B4C873 /* Sources */ = {
			isa = PBXSourcesBuildPhase;
			buildActionMask = 2147483647;
			files = (
				A7D899602DB99CF500B4C873 /* Desafio05Tests.swift in Sources */,
			);
			runOnlyForDeploymentPostprocessing = 0;
		};
		A7D899612DB99CF500B4C873 /* Sources */ = {
			isa = PBXSourcesBuildPhase;
			buildActionMask = 2147483647;
			files = (
				A7D8996A2DB99CF500B4C873 /* Desafio05UITests.swift in Sources */,
				A7D8996C2DB99CF500B4C873 /* Desafio05UITestsLaunchTests.swift in Sources */,
			);
			runOnlyForDeploymentPostprocessing = 0;
		};
/* End PBXSourcesBuildPhase section */

/* Begin PBXTargetDependency section */
		A7D8995D2DB99CF500B4C873 /* PBXTargetDependency */ = {
			isa = PBXTargetDependency;
			target = A7D8994A2DB99CF200B4C873 /* Desafio05 */;
			targetProxy = A7D8995C2DB99CF500B4C873 /* PBXContainerItemProxy */;
		};
		A7D899672DB99CF500B4C873 /* PBXTargetDependency */ = {
			isa = PBXTargetDependency;
			target = A7D8994A2DB99CF200B4C873 /* Desafio05 */;
			targetProxy = A7D899662DB99CF500B4C873 /* PBXContainerItemProxy */;
		};
/* End PBXTargetDependency section */

/* Begin XCBuildConfiguration section */
		A7D8996D2DB99CF500B4C873 /* Debug */ = {
			isa = XCBuildConfiguration;
			buildSettings = {
				ALWAYS_SEARCH_USER_PATHS = NO;
				ASSETCATALOG_COMPILER_GENERATE_SWIFT_ASSET_SYMBOL_EXTENSIONS = YES;
				CLANG_ANALYZER_NONNULL = YES;
				CLANG_ANALYZER_NUMBER_OBJECT_CONVERSION = YES_AGGRESSIVE;
				CLANG_CXX_LANGUAGE_STANDARD = "gnu++20";
				CLANG_ENABLE_MODULES = YES;
				CLANG_ENABLE_OBJC_ARC = YES;
				CLANG_ENABLE_OBJC_WEAK = YES;
				CLANG_WARN_BLOCK_CAPTURE_AUTORELEASING = YES;
				CLANG_WARN_BOOL_CONVERSION = YES;
				CLANG_WARN_COMMA = YES;
				CLANG_WARN_CONSTANT_CONVERSION = YES;
				CLANG_WARN_DEPRECATED_OBJC_IMPLEMENTATIONS = YES;
				CLANG_WARN_DIRECT_OBJC_ISA_USAGE = YES_ERROR;
				CLANG_WARN_DOCUMENTATION_COMMENTS = YES;
				CLANG_WARN_EMPTY_BODY = YES;
				CLANG_WARN_ENUM_CONVERSION = YES;
				CLANG_WARN_INFINITE_RECURSION = YES;
				CLANG_WARN_INT_CONVERSION = YES;
				CLANG_WARN_NON_LITERAL_NULL_CONVERSION = YES;
				CLANG_WARN_OBJC_IMPLICIT_RETAIN_SELF = YES;
				CLANG_WARN_OBJC_LITERAL_CONVERSION = YES;
				CLANG_WARN_OBJC_ROOT_CLASS = YES_ERROR;
				CLANG_WARN_QUOTED_INCLUDE_IN_FRAMEWORK_HEADER = YES;
				CLANG_WARN_RANGE_LOOP_ANALYSIS = YES;
				CLANG_WARN_STRICT_PROTOTYPES = YES;
				CLANG_WARN_SUSPICIOUS_MOVE = YES;
				CLANG_WARN_UNGUARDED_AVAILABILITY = YES_AGGRESSIVE;
				CLANG_WARN_UNREACHABLE_CODE = YES;
				CLANG_WARN__DUPLICATE_METHOD_MATCH = YES;
				COPY_PHASE_STRIP = NO;
				DEBUG_INFORMATION_FORMAT = dwarf;
				ENABLE_STRICT_OBJC_MSGSEND = YES;
				ENABLE_TESTABILITY = YES;
				ENABLE_USER_SCRIPT_SANDBOXING = YES;
				GCC_C_LANGUAGE_STANDARD = gnu17;
				GCC_DYNAMIC_NO_PIC = NO;
				GCC_NO_COMMON_BLOCKS = YES;
				GCC_OPTIMIZATION_LEVEL = 0;
				GCC_PREPROCESSOR_DEFINITIONS = (
					"DEBUG=1",
					"$(inherited)",
				);
				GCC_WARN_64_TO_32_BIT_CONVERSION = YES;
				GCC_WARN_ABOUT_RETURN_TYPE = YES_ERROR;
				GCC_WARN_UNDECLARED_SELECTOR = YES;
				GCC_WARN_UNINITIALIZED_AUTOS = YES_AGGRESSIVE;
				GCC_WARN_UNUSED_FUNCTION = YES;
				GCC_WARN_UNUSED_VARIABLE = YES;
				IPHONEOS_DEPLOYMENT_TARGET = 17.5;
				LOCALIZATION_PREFERS_STRING_CATALOGS = YES;
				MTL_ENABLE_DEBUG_INFO = INCLUDE_SOURCE;
				MTL_FAST_MATH = YES;
				ONLY_ACTIVE_ARCH = YES;
				SDKROOT = iphoneos;
				SWIFT_ACTIVE_COMPILATION_CONDITIONS = "DEBUG $(inherited)";
				SWIFT_OPTIMIZATION_LEVEL = "-Onone";
			};
			name = Debug;
		};
		A7D8996E2DB99CF500B4C873 /* Release */ = {
			isa = XCBuildConfiguration;
			buildSettings = {
				ALWAYS_SEARCH_USER_PATHS = NO;
				ASSETCATALOG_COMPILER_GENERATE_SWIFT_ASSET_SYMBOL_EXTENSIONS = YES;
				CLANG_ANALYZER_NONNULL = YES;
				CLANG_ANALYZER_NUMBER_OBJECT_CONVERSION = YES_AGGRESSIVE;
				CLANG_CXX_LANGUAGE_STANDARD = "gnu++20";
				CLANG_ENABLE_MODULES = YES;
				CLANG_ENABLE_OBJC_ARC = YES;
				CLANG_ENABLE_OBJC_WEAK = YES;
				CLANG_WARN_BLOCK_CAPTURE_AUTORELEASING = YES;
				CLANG_WARN_BOOL_CONVERSION = YES;
				CLANG_WARN_COMMA = YES;
				CLANG_WARN_CONSTANT_CONVERSION = YES;
				CLANG_WARN_DEPRECATED_OBJC_IMPLEMENTATIONS = YES;
				CLANG_WARN_DIRECT_OBJC_ISA_USAGE = YES_ERROR;
				CLANG_WARN_DOCUMENTATION_COMMENTS = YES;
				CLANG_WARN_EMPTY_BODY = YES;
				CLANG_WARN_ENUM_CONVERSION = YES;
				CLANG_WARN_INFINITE_RECURSION = YES;
				CLANG_WARN_INT_CONVERSION = YES;
				CLANG_WARN_NON_LITERAL_NULL_CONVERSION = YES;
				CLANG_WARN_OBJC_IMPLICIT_RETAIN_SELF = YES;
				CLANG_WARN_OBJC_LITERAL_CONVERSION = YES;
				CLANG_WARN_OBJC_ROOT_CLASS = YES_ERROR;
				CLANG_WARN_QUOTED_INCLUDE_IN_FRAMEWORK_HEADER = YES;
				CLANG_WARN_RANGE_LOOP_ANALYSIS = YES;
				CLANG_WARN_STRICT_PROTOTYPES = YES;
				CLANG_WARN_SUSPICIOUS_MOVE = YES;
				CLANG_WARN_UNGUARDED_AVAILABILITY = YES_AGGRESSIVE;
				CLANG_WARN_UNREACHABLE_CODE = YES;
				CLANG_WARN__DUPLICATE_METHOD_MATCH = YES;
				COPY_PHASE_STRIP = NO;
				DEBUG_INFORMATION_FORMAT = "dwarf-with-dsym";
				ENABLE_NS_ASSERTIONS = NO;
				ENABLE_STRICT_OBJC_MSGSEND = YES;
				ENABLE_USER_SCRIPT_SANDBOXING = YES;
				GCC_C_LANGUAGE_STANDARD = gnu17;
				GCC_NO_COMMON_BLOCKS = YES;
				GCC_WARN_64_TO_32_BIT_CONVERSION = YES;
				GCC_WARN_ABOUT_RETURN_TYPE = YES_ERROR;
				GCC_WARN_UNDECLARED_SELECTOR = YES;
				GCC_WARN_UNINITIALIZED_AUTOS = YES_AGGRESSIVE;
				GCC_WARN_UNUSED_FUNCTION = YES;
				GCC_WARN_UNUSED_VARIABLE = YES;
				IPHONEOS_DEPLOYMENT_TARGET = 17.5;
				LOCALIZATION_PREFERS_STRING_CATALOGS = YES;
				MTL_ENABLE_DEBUG_INFO = NO;
				MTL_FAST_MATH = YES;
				SDKROOT = iphoneos;
				SWIFT_COMPILATION_MODE = wholemodule;
				VALIDATE_PRODUCT = YES;
			};
			name = Release;
		};
		A7D899702DB99CF500B4C873 /* Debug */ = {
			isa = XCBuildConfiguration;
			buildSettings = {
				ASSETCATALOG_COMPILER_APPICON_NAME = AppIcon;
				ASSETCATALOG_COMPILER_GLOBAL_ACCENT_COLOR_NAME = AccentColor;
				CODE_SIGN_STYLE = Automatic;
				CURRENT_PROJECT_VERSION = 1;
				DEVELOPMENT_ASSET_PATHS = "\"Desafio05/Preview Content\"";
				ENABLE_PREVIEWS = YES;
				GENERATE_INFOPLIST_FILE = YES;
				INFOPLIST_KEY_UIApplicationSceneManifest_Generation = YES;
				INFOPLIST_KEY_UIApplicationSupportsIndirectInputEvents = YES;
				INFOPLIST_KEY_UILaunchScreen_Generation = YES;
				INFOPLIST_KEY_UISupportedInterfaceOrientations_iPad = "UIInterfaceOrientationPortrait UIInterfaceOrientationPortraitUpsideDown UIInterfaceOrientationLandscapeLeft UIInterfaceOrientationLandscapeRight";
				INFOPLIST_KEY_UISupportedInterfaceOrientations_iPhone = "UIInterfaceOrientationPortrait UIInterfaceOrientationLandscapeLeft UIInterfaceOrientationLandscapeRight";
				LD_RUNPATH_SEARCH_PATHS = (
					"$(inherited)",
					"@executable_path/Frameworks",
				);
				MARKETING_VERSION = 1.0;
				PRODUCT_BUNDLE_IDENTIFIER = joao.aassuncao.Desafio05;
				PRODUCT_NAME = "$(TARGET_NAME)";
				SWIFT_EMIT_LOC_STRINGS = YES;
				SWIFT_VERSION = 5.0;
				TARGETED_DEVICE_FAMILY = "1,2";
			};
			name = Debug;
		};
		A7D899712DB99CF500B4C873 /* Release */ = {
			isa = XCBuildConfiguration;
			buildSettings = {
				ASSETCATALOG_COMPILER_APPICON_NAME = AppIcon;
				ASSETCATALOG_COMPILER_GLOBAL_ACCENT_COLOR_NAME = AccentColor;
				CODE_SIGN_STYLE = Automatic;
				CURRENT_PROJECT_VERSION = 1;
				DEVELOPMENT_ASSET_PATHS = "\"Desafio05/Preview Content\"";
				ENABLE_PREVIEWS = YES;
				GENERATE_INFOPLIST_FILE = YES;
				INFOPLIST_KEY_UIApplicationSceneManifest_Generation = YES;
				INFOPLIST_KEY_UIApplicationSupportsIndirectInputEvents = YES;
				INFOPLIST_KEY_UILaunchScreen_Generation = YES;
				INFOPLIST_KEY_UISupportedInterfaceOrientations_iPad = "UIInterfaceOrientationPortrait UIInterfaceOrientationPortraitUpsideDown UIInterfaceOrientationLandscapeLeft UIInterfaceOrientationLandscapeRight";
				INFOPLIST_KEY_UISupportedInterfaceOrientations_iPhone = "UIInterfaceOrientationPortrait UIInterfaceOrientationLandscapeLeft UIInterfaceOrientationLandscapeRight";
				LD_RUNPATH_SEARCH_PATHS = (
					"$(inherited)",
					"@executable_path/Frameworks",
				);
				MARKETING_VERSION = 1.0;
				PRODUCT_BUNDLE_IDENTIFIER = joao.aassuncao.Desafio05;
				PRODUCT_NAME = "$(TARGET_NAME)";
				SWIFT_EMIT_LOC_STRINGS = YES;
				SWIFT_VERSION = 5.0;
				TARGETED_DEVICE_FAMILY = "1,2";
			};
			name = Release;
		};
		A7D899732DB99CF500B4C873 /* Debug */ = {
			isa = XCBuildConfiguration;
			buildSettings = {
				ALWAYS_EMBED_SWIFT_STANDARD_LIBRARIES = YES;
				BUNDLE_LOADER = "$(TEST_HOST)";
				CODE_SIGN_STYLE = Automatic;
				CURRENT_PROJECT_VERSION = 1;
				GENERATE_INFOPLIST_FILE = YES;
				IPHONEOS_DEPLOYMENT_TARGET = 17.5;
				MARKETING_VERSION = 1.0;
				PRODUCT_BUNDLE_IDENTIFIER = joao.aassuncao.Desafio05Tests;
				PRODUCT_NAME = "$(TARGET_NAME)";
				SWIFT_EMIT_LOC_STRINGS = NO;
				SWIFT_VERSION = 5.0;
				TARGETED_DEVICE_FAMILY = "1,2";
				TEST_HOST = "$(BUILT_PRODUCTS_DIR)/Desafio05.app/$(BUNDLE_EXECUTABLE_FOLDER_PATH)/Desafio05";
			};
			name = Debug;
		};
		A7D899742DB99CF500B4C873 /* Release */ = {
			isa = XCBuildConfiguration;
			buildSettings = {
				ALWAYS_EMBED_SWIFT_STANDARD_LIBRARIES = YES;
				BUNDLE_LOADER = "$(TEST_HOST)";
				CODE_SIGN_STYLE = Automatic;
				CURRENT_PROJECT_VERSION = 1;
				GENERATE_INFOPLIST_FILE = YES;
				IPHONEOS_DEPLOYMENT_TARGET = 17.5;
				MARKETING_VERSION = 1.0;
				PRODUCT_BUNDLE_IDENTIFIER = joao.aassuncao.Desafio05Tests;
				PRODUCT_NAME = "$(TARGET_NAME)";
				SWIFT_EMIT_LOC_STRINGS = NO;
				SWIFT_VERSION = 5.0;
				TARGETED_DEVICE_FAMILY = "1,2";
				TEST_HOST = "$(BUILT_PRODUCTS_DIR)/Desafio05.app/$(BUNDLE_EXECUTABLE_FOLDER_PATH)/Desafio05";
			};
			name = Release;
		};
		A7D899762DB99CF500B4C873 /* Debug */ = {
			isa = XCBuildConfiguration;
			buildSettings = {
				ALWAYS_EMBED_SWIFT_STANDARD_LIBRARIES = YES;
				CODE_SIGN_STYLE = Automatic;
				CURRENT_PROJECT_VERSION = 1;
				GENERATE_INFOPLIST_FILE = YES;
				MARKETING_VERSION = 1.0;
				PRODUCT_BUNDLE_IDENTIFIER = joao.aassuncao.Desafio05UITests;
				PRODUCT_NAME = "$(TARGET_NAME)";
				SWIFT_EMIT_LOC_STRINGS = NO;
				SWIFT_VERSION = 5.0;
				TARGETED_DEVICE_FAMILY = "1,2";
				TEST_TARGET_NAME = Desafio05;
			};
			name = Debug;
		};
		A7D899772DB99CF500B4C873 /* Release */ = {
			isa = XCBuildConfiguration;
			buildSettings = {
				ALWAYS_EMBED_SWIFT_STANDARD_LIBRARIES = YES;
				CODE_SIGN_STYLE = Automatic;
				CURRENT_PROJECT_VERSION = 1;
				GENERATE_INFOPLIST_FILE = YES;
				MARKETING_VERSION = 1.0;
				PRODUCT_BUNDLE_IDENTIFIER = joao.aassuncao.Desafio05UITests;
				PRODUCT_NAME = "$(TARGET_NAME)";
				SWIFT_EMIT_LOC_STRINGS = NO;
				SWIFT_VERSION = 5.0;
				TARGETED_DEVICE_FAMILY = "1,2";
				TEST_TARGET_NAME = Desafio05;
			};
			name = Release;
		};
/* End XCBuildConfiguration section */

/* Begin XCConfigurationList section */
		A7D899462DB99CF200B4C873 /* Build configuration list for PBXProject "Desafio05" */ = {
			isa = XCConfigurationList;
			buildConfigurations = (
				A7D8996D2DB99CF500B4C873 /* Debug */,
				A7D8996E2DB99CF500B4C873 /* Release */,
			);
			defaultConfigurationIsVisible = 0;
			defaultConfigurationName = Release;
		};
		A7D8996F2DB99CF500B4C873 /* Build configuration list for PBXNativeTarget "Desafio05" */ = {
			isa = XCConfigurationList;
			buildConfigurations = (
				A7D899702DB99CF500B4C873 /* Debug */,
				A7D899712DB99CF500B4C873 /* Release */,
			);
			defaultConfigurationIsVisible = 0;
			defaultConfigurationName = Release;
		};
		A7D899722DB99CF500B4C873 /* Build configuration list for PBXNativeTarget "Desafio05Tests" */ = {
			isa = XCConfigurationList;
			buildConfigurations = (
				A7D899732DB99CF500B4C873 /* Debug */,
				A7D899742DB99CF500B4C873 /* Release */,
			);
			defaultConfigurationIsVisible = 0;
			defaultConfigurationName = Release;
		};
		A7D899752DB99CF500B4C873 /* Build configuration list for PBXNativeTarget "Desafio05UITests" */ = {
			isa = XCConfigurationList;
			buildConfigurations = (
				A7D899762DB99CF500B4C873 /* Debug */,
				A7D899772DB99CF500B4C873 /* Release */,
			);
			defaultConfigurationIsVisible = 0;
			defaultConfigurationName = Release;
		};
/* End XCConfigurationList section */
	};
	rootObject = A7D899432DB99CF200B4C873 /* Project object */;
}
